// !$*UTF8*$!
{
	archiveVersion = 1;
	classes = {
	};
	objectVersion = 77;
	objects = {

/* Begin PBXBuildFile section */
		F13FF7F12DAF4A9A00885AC6 /* FinderSync.swift in Sources */ = {isa = PBXBuildFile; fileRef = F13FF7EE2DAF4A9A00885AC6 /* FinderSync.swift */; };
		F13FF7FA2DAF646600885AC6 /* FileOperations.swift in Sources */ = {isa = PBXBuildFile; fileRef = F13FF7F92DAF646600885AC6 /* FileOperations.swift */; };
		F13FF7FC2DAF647000885AC6 /* TemplateManager.swift in Sources */ = {isa = PBXBuildFile; fileRef = F13FF7FB2DAF647000885AC6 /* TemplateManager.swift */; };
		F145A57D2DAE655E0047D2F1 /* RightClickExtension.appex in Embed Foundation Extensions */ = {isa = PBXBuildFile; fileRef = F145A5742DAE655E0047D2F1 /* RightClickExtension.appex */; settings = {ATTRIBUTES = (RemoveHeadersOnCopy, ); }; };
/* End PBXBuildFile section */

/* Begin PBXContainerItemProxy section */
		F145A57A2DAE655E0047D2F1 /* PBXContainerItemProxy */ = {
			isa = PBXContainerItemProxy;
			containerPortal = F1F95DA62DAE3C8E0043F3FB /* Project object */;
			proxyType = 1;
			remoteGlobalIDString = F145A5732DAE655E0047D2F1;
			remoteInfo = RightClickExtension;
		};
		F1F95DBD2DAE3C8F0043F3FB /* PBXContainerItemProxy */ = {
			isa = PBXContainerItemProxy;
			containerPortal = F1F95DA62DAE3C8E0043F3FB /* Project object */;
			proxyType = 1;
			remoteGlobalIDString = F1F95DAD2DAE3C8E0043F3FB;
			remoteInfo = RightClickTools;
		};
		F1F95DC72DAE3C8F0043F3FB /* PBXContainerItemProxy */ = {
			isa = PBXContainerItemProxy;
			containerPortal = F1F95DA62DAE3C8E0043F3FB /* Project object */;
			proxyType = 1;
			remoteGlobalIDString = F1F95DAD2DAE3C8E0043F3FB;
			remoteInfo = RightClickTools;
		};
/* End PBXContainerItemProxy section */

/* Begin PBXCopyFilesBuildPhase section */
		F145A57C2DAE655E0047D2F1 /* Embed Foundation Extensions */ = {
			isa = PBXCopyFilesBuildPhase;
			buildActionMask = 2147483647;
			dstPath = "";
			dstSubfolderSpec = 13;
			files = (
				F145A57D2DAE655E0047D2F1 /* RightClickExtension.appex in Embed Foundation Extensions */,
			);
			name = "Embed Foundation Extensions";
			runOnlyForDeploymentPostprocessing = 0;
		};
/* End PBXCopyFilesBuildPhase section */

/* Begin PBXFileReference section */
		F13FF7EE2DAF4A9A00885AC6 /* FinderSync.swift */ = {isa = PBXFileReference; lastKnownFileType = sourcecode.swift; path = FinderSync.swift; sourceTree = "<group>"; };
		F13FF7EF2DAF4A9A00885AC6 /* Info.plist */ = {isa = PBXFileReference; lastKnownFileType = text.plist.xml; path = Info.plist; sourceTree = "<group>"; };
		F13FF7F02DAF4A9A00885AC6 /* RightClickExtension.entitlements */ = {isa = PBXFileReference; lastKnownFileType = text.plist.entitlements; path = RightClickExtension.entitlements; sourceTree = "<group>"; };
		F13FF7F92DAF646600885AC6 /* FileOperations.swift */ = {isa = PBXFileReference; lastKnownFileType = sourcecode.swift; path = FileOperations.swift; sourceTree = "<group>"; };
		F13FF7FB2DAF647000885AC6 /* TemplateManager.swift */ = {isa = PBXFileReference; lastKnownFileType = sourcecode.swift; path = TemplateManager.swift; sourceTree = "<group>"; };
		F145A5742DAE655E0047D2F1 /* RightClickExtension.appex */ = {isa = PBXFileReference; explicitFileType = "wrapper.app-extension"; includeInIndex = 0; path = RightClickExtension.appex; sourceTree = BUILT_PRODUCTS_DIR; };
		F1F95DAE2DAE3C8E0043F3FB /* RightClickTools.app */ = {isa = PBXFileReference; explicitFileType = wrapper.application; includeInIndex = 0; path = RightClickTools.app; sourceTree = BUILT_PRODUCTS_DIR; };
		F1F95DBC2DAE3C8F0043F3FB /* RightClickToolsTests.xctest */ = {isa = PBXFileReference; explicitFileType = wrapper.cfbundle; includeInIndex = 0; path = RightClickToolsTests.xctest; sourceTree = BUILT_PRODUCTS_DIR; };
		F1F95DC62DAE3C8F0043F3FB /* RightClickToolsUITests.xctest */ = {isa = PBXFileReference; explicitFileType = wrapper.cfbundle; includeInIndex = 0; path = RightClickToolsUITests.xctest; sourceTree = BUILT_PRODUCTS_DIR; };
/* End PBXFileReference section */

/* Begin PBXFileSystemSynchronizedRootGroup section */
		F145A5632DAE57D30047D2F1 /* Templates */ = {
			isa = PBXFileSystemSynchronizedRootGroup;
			path = Templates;
			sourceTree = "<group>";
		};
		F145A5752DAE655E0047D2F1 /* RightClickExtension */ = {
			isa = PBXFileSystemSynchronizedRootGroup;
			path = RightClickExtension;
			sourceTree = "<group>";
		};
		F1F95DB02DAE3C8E0043F3FB /* RightClickTools */ = {
			isa = PBXFileSystemSynchronizedRootGroup;
			path = RightClickTools;
			sourceTree = "<group>";
		};
		F1F95DBF2DAE3C8F0043F3FB /* RightClickToolsTests */ = {
			isa = PBXFileSystemSynchronizedRootGroup;
			path = RightClickToolsTests;
			sourceTree = "<group>";
		};
		F1F95DC92DAE3C8F0043F3FB /* RightClickToolsUITests */ = {
			isa = PBXFileSystemSynchronizedRootGroup;
			path = RightClickToolsUITests;
			sourceTree = "<group>";
		};
/* End PBXFileSystemSynchronizedRootGroup section */

/* Begin PBXFrameworksBuildPhase section */
		F145A5712DAE655E0047D2F1 /* Frameworks */ = {
			isa = PBXFrameworksBuildPhase;
			buildActionMask = 2147483647;
			files = (
			);
			runOnlyForDeploymentPostprocessing = 0;
		};
		F1F95DAB2DAE3C8E0043F3FB /* Frameworks */ = {
			isa = PBXFrameworksBuildPhase;
			buildActionMask = 2147483647;
			files = (
			);
			runOnlyForDeploymentPostprocessing = 0;
		};
		F1F95DB92DAE3C8F0043F3FB /* Frameworks */ = {
			isa = PBXFrameworksBuildPhase;
			buildActionMask = 2147483647;
			files = (
			);
			runOnlyForDeploymentPostprocessing = 0;
		};
		F1F95DC32DAE3C8F0043F3FB /* Frameworks */ = {
			isa = PBXFrameworksBuildPhase;
			buildActionMask = 2147483647;
			files = (
			);
			runOnlyForDeploymentPostprocessing = 0;
		};
/* End PBXFrameworksBuildPhase section */

/* Begin PBXGroup section */
		F1F95DA52DAE3C8E0043F3FB = {
			isa = PBXGroup;
			children = (
				F145A5632DAE57D30047D2F1 /* Templates */,
				F1F95DB02DAE3C8E0043F3FB /* RightClickTools */,
				F1F95DBF2DAE3C8F0043F3FB /* RightClickToolsTests */,
				F1F95DC92DAE3C8F0043F3FB /* RightClickToolsUITests */,
				F145A5752DAE655E0047D2F1 /* RightClickExtension */,
				F1F95DAF2DAE3C8E0043F3FB /* Products */,
				F13FF7F92DAF646600885AC6 /* FileOperations.swift */,
				F13FF7EE2DAF4A9A00885AC6 /* FinderSync.swift */,
				F13FF7EF2DAF4A9A00885AC6 /* Info.plist */,
				F13FF7F02DAF4A9A00885AC6 /* RightClickExtension.entitlements */,
				F13FF7FB2DAF647000885AC6 /* TemplateManager.swift */,
			);
			sourceTree = "<group>";
		};
		F1F95DAF2DAE3C8E0043F3FB /* Products */ = {
			isa = PBXGroup;
			children = (
				F1F95DAE2DAE3C8E0043F3FB /* RightClickTools.app */,
				F1F95DBC2DAE3C8F0043F3FB /* RightClickToolsTests.xctest */,
				F1F95DC62DAE3C8F0043F3FB /* RightClickToolsUITests.xctest */,
				F145A5742DAE655E0047D2F1 /* RightClickExtension.appex */,
			);
			name = Products;
			sourceTree = "<group>";
		};
/* End PBXGroup section */

/* Begin PBXNativeTarget section */
		F145A5732DAE655E0047D2F1 /* RightClickExtension */ = {
			isa = PBXNativeTarget;
			buildConfigurationList = F145A57F2DAE655E0047D2F1 /* Build configuration list for PBXNativeTarget "RightClickExtension" */;
			buildPhases = (
				F145A5702DAE655E0047D2F1 /* Sources */,
				F145A5712DAE655E0047D2F1 /* Frameworks */,
				F145A5722DAE655E0047D2F1 /* Resources */,
			);
			buildRules = (
			);
			dependencies = (
			);
			fileSystemSynchronizedGroups = (
				F145A5752DAE655E0047D2F1 /* RightClickExtension */,
			);
			name = RightClickExtension;
			packageProductDependencies = (
			);
			productName = RightClickExtension;
			productReference = F145A5742DAE655E0047D2F1 /* RightClickExtension.appex */;
			productType = "com.apple.product-type.app-extension";
		};
		F1F95DAD2DAE3C8E0043F3FB /* RightClickTools */ = {
			isa = PBXNativeTarget;
			buildConfigurationList = F1F95DD02DAE3C8F0043F3FB /* Build configuration list for PBXNativeTarget "RightClickTools" */;
			buildPhases = (
				F1F95DAA2DAE3C8E0043F3FB /* Sources */,
				F1F95DAB2DAE3C8E0043F3FB /* Frameworks */,
				F1F95DAC2DAE3C8E0043F3FB /* Resources */,
				F145A57C2DAE655E0047D2F1 /* Embed Foundation Extensions */,
			);
			buildRules = (
			);
			dependencies = (
				F145A57B2DAE655E0047D2F1 /* PBXTargetDependency */,
			);
			fileSystemSynchronizedGroups = (
				F145A5632DAE57D30047D2F1 /* Templates */,
				F1F95DB02DAE3C8E0043F3FB /* RightClickTools */,
			);
			name = RightClickTools;
			packageProductDependencies = (
			);
			productName = RightClickTools;
			productReference = F1F95DAE2DAE3C8E0043F3FB /* RightClickTools.app */;
			productType = "com.apple.product-type.application";
		};
		F1F95DBB2DAE3C8F0043F3FB /* RightClickToolsTests */ = {
			isa = PBXNativeTarget;
			buildConfigurationList = F1F95DD32DAE3C8F0043F3FB /* Build configuration list for PBXNativeTarget "RightClickToolsTests" */;
			buildPhases = (
				F1F95DB82DAE3C8F0043F3FB /* Sources */,
				F1F95DB92DAE3C8F0043F3FB /* Frameworks */,
				F1F95DBA2DAE3C8F0043F3FB /* Resources */,
			);
			buildRules = (
			);
			dependencies = (
				F1F95DBE2DAE3C8F0043F3FB /* PBXTargetDependency */,
			);
			fileSystemSynchronizedGroups = (
				F1F95DBF2DAE3C8F0043F3FB /* RightClickToolsTests */,
			);
			name = RightClickToolsTests;
			packageProductDependencies = (
			);
			productName = RightClickToolsTests;
			productReference = F1F95DBC2DAE3C8F0043F3FB /* RightClickToolsTests.xctest */;
			productType = "com.apple.product-type.bundle.unit-test";
		};
		F1F95DC52DAE3C8F0043F3FB /* RightClickToolsUITests */ = {
			isa = PBXNativeTarget;
			buildConfigurationList = F1F95DD62DAE3C8F0043F3FB /* Build configuration list for PBXNativeTarget "RightClickToolsUITests" */;
			buildPhases = (
				F1F95DC22DAE3C8F0043F3FB /* Sources */,
				F1F95DC32DAE3C8F0043F3FB /* Frameworks */,
				F1F95DC42DAE3C8F0043F3FB /* Resources */,
			);
			buildRules = (
			);
			dependencies = (
				F1F95DC82DAE3C8F0043F3FB /* PBXTargetDependency */,
			);
			fileSystemSynchronizedGroups = (
				F1F95DC92DAE3C8F0043F3FB /* RightClickToolsUITests */,
			);
			name = RightClickToolsUITests;
			packageProductDependencies = (
			);
			productName = RightClickToolsUITests;
			productReference = F1F95DC62DAE3C8F0043F3FB /* RightClickToolsUITests.xctest */;
			productType = "com.apple.product-type.bundle.ui-testing";
		};
/* End PBXNativeTarget section */

/* Begin PBXProject section */
		F1F95DA62DAE3C8E0043F3FB /* Project object */ = {
			isa = PBXProject;
			attributes = {
				BuildIndependentTargetsInParallel = 1;
				LastSwiftUpdateCheck = 1630;
				LastUpgradeCheck = 1630;
				TargetAttributes = {
					F145A5732DAE655E0047D2F1 = {
						CreatedOnToolsVersion = 16.3;
					};
					F1F95DAD2DAE3C8E0043F3FB = {
						CreatedOnToolsVersion = 16.3;
					};
					F1F95DBB2DAE3C8F0043F3FB = {
						CreatedOnToolsVersion = 16.3;
						TestTargetID = F1F95DAD2DAE3C8E0043F3FB;
					};
					F1F95DC52DAE3C8F0043F3FB = {
						CreatedOnToolsVersion = 16.3;
						TestTargetID = F1F95DAD2DAE3C8E0043F3FB;
					};
				};
			};
			buildConfigurationList = F1F95DA92DAE3C8E0043F3FB /* Build configuration list for PBXProject "RightClickTools" */;
			developmentRegion = en;
			hasScannedForEncodings = 0;
			knownRegions = (
				en,
				Base,
			);
			mainGroup = F1F95DA52DAE3C8E0043F3FB;
			minimizedProjectReferenceProxies = 1;
			preferredProjectObjectVersion = 77;
			productRefGroup = F1F95DAF2DAE3C8E0043F3FB /* Products */;
			projectDirPath = "";
			projectRoot = "";
			targets = (
				F1F95DAD2DAE3C8E0043F3FB /* RightClickTools */,
				F1F95DBB2DAE3C8F0043F3FB /* RightClickToolsTests */,
				F1F95DC52DAE3C8F0043F3FB /* RightClickToolsUITests */,
				F145A5732DAE655E0047D2F1 /* RightClickExtension */,
			);
		};
/* End PBXProject section */

/* Begin PBXResourcesBuildPhase section */
		F145A5722DAE655E0047D2F1 /* Resources */ = {
			isa = PBXResourcesBuildPhase;
			buildActionMask = 2147483647;
			files = (
			);
			runOnlyForDeploymentPostprocessing = 0;
		};
		F1F95DAC2DAE3C8E0043F3FB /* Resources */ = {
			isa = PBXResourcesBuildPhase;
			buildActionMask = 2147483647;
			files = (
			);
			runOnlyForDeploymentPostprocessing = 0;
		};
		F1F95DBA2DAE3C8F0043F3FB /* Resources */ = {
			isa = PBXResourcesBuildPhase;
			buildActionMask = 2147483647;
			files = (
			);
			runOnlyForDeploymentPostprocessing = 0;
		};
		F1F95DC42DAE3C8F0043F3FB /* Resources */ = {
			isa = PBXResourcesBuildPhase;
			buildActionMask = 2147483647;
			files = (
			);
			runOnlyForDeploymentPostprocessing = 0;
		};
/* End PBXResourcesBuildPhase section */

/* Begin PBXSourcesBuildPhase section */
		F145A5702DAE655E0047D2F1 /* Sources */ = {
			isa = PBXSourcesBuildPhase;
			buildActionMask = 2147483647;
			files = (
				F13FF7F12DAF4A9A00885AC6 /* FinderSync.swift in Sources */,
				F13FF7FA2DAF646600885AC6 /* FileOperations.swift in Sources */,
				F13FF7FC2DAF647000885AC6 /* TemplateManager.swift in Sources */,
			);
			runOnlyForDeploymentPostprocessing = 0;
		};
		F1F95DAA2DAE3C8E0043F3FB /* Sources */ = {
			isa = PBXSourcesBuildPhase;
			buildActionMask = 2147483647;
			files = (
			);
			runOnlyForDeploymentPostprocessing = 0;
		};
		F1F95DB82DAE3C8F0043F3FB /* Sources */ = {
			isa = PBXSourcesBuildPhase;
			buildActionMask = 2147483647;
			files = (
			);
			runOnlyForDeploymentPostprocessing = 0;
		};
		F1F95DC22DAE3C8F0043F3FB /* Sources */ = {
			isa = PBXSourcesBuildPhase;
			buildActionMask = 2147483647;
			files = (
			);
			runOnlyForDeploymentPostprocessing = 0;
		};
/* End PBXSourcesBuildPhase section */

/* Begin PBXTargetDependency section */
		F145A57B2DAE655E0047D2F1 /* PBXTargetDependency */ = {
			isa = PBXTargetDependency;
			target = F145A5732DAE655E0047D2F1 /* RightClickExtension */;
			targetProxy = F145A57A2DAE655E0047D2F1 /* PBXContainerItemProxy */;
		};
		F1F95DBE2DAE3C8F0043F3FB /* PBXTargetDependency */ = {
			isa = PBXTargetDependency;
			target = F1F95DAD2DAE3C8E0043F3FB /* RightClickTools */;
			targetProxy = F1F95DBD2DAE3C8F0043F3FB /* PBXContainerItemProxy */;
		};
		F1F95DC82DAE3C8F0043F3FB /* PBXTargetDependency */ = {
			isa = PBXTargetDependency;
			target = F1F95DAD2DAE3C8E0043F3FB /* RightClickTools */;
			targetProxy = F1F95DC72DAE3C8F0043F3FB /* PBXContainerItemProxy */;
		};
/* End PBXTargetDependency section */

/* Begin XCBuildConfiguration section */
		F145A5802DAE655E0047D2F1 /* Debug */ = {
			isa = XCBuildConfiguration;
			buildSettings = {
				CODE_SIGN_ENTITLEMENTS = RightClickExtension/RightClickExtension.entitlements;
				CODE_SIGN_STYLE = Automatic;
				COMBINE_HIDPI_IMAGES = YES;
				CURRENT_PROJECT_VERSION = 1;
				DEFINES_MODULE = YES;
				ENABLE_HARDENED_RUNTIME = YES;
				GENERATE_INFOPLIST_FILE = YES;
				INFOPLIST_FILE = RightClickExtension/Info.plist;
				INFOPLIST_KEY_CFBundleDisplayName = RightClickExtension;
				INFOPLIST_KEY_NSHumanReadableCopyright = "";
				LD_RUNPATH_SEARCH_PATHS = (
					"$(inherited)",
					"@executable_path/../Frameworks",
					"@executable_path/../../../../Frameworks",
				);
				MARKETING_VERSION = 1.0;
				PRODUCT_BUNDLE_IDENTIFIER = Kylin.RightClickTools.RightClickExtension;
				PRODUCT_MODULE_NAME = RightClickTools;
				PRODUCT_NAME = "$(TARGET_NAME)";
				SKIP_INSTALL = YES;
				SWIFT_EMIT_LOC_STRINGS = YES;
				SWIFT_VERSION = 5.0;
			};
			name = Debug;
		};
		F145A5812DAE655E0047D2F1 /* Release */ = {
			isa = XCBuildConfiguration;
			buildSettings = {
				CODE_SIGN_ENTITLEMENTS = RightClickExtension/RightClickExtension.entitlements;
				CODE_SIGN_STYLE = Automatic;
				COMBINE_HIDPI_IMAGES = YES;
				CURRENT_PROJECT_VERSION = 1;
				DEFINES_MODULE = YES;
				ENABLE_HARDENED_RUNTIME = YES;
				GENERATE_INFOPLIST_FILE = YES;
				INFOPLIST_FILE = RightClickExtension/Info.plist;
				INFOPLIST_KEY_CFBundleDisplayName = RightClickExtension;
				INFOPLIST_KEY_NSHumanReadableCopyright = "";
				LD_RUNPATH_SEARCH_PATHS = (
					"$(inherited)",
					"@executable_path/../Frameworks",
					"@executable_path/../../../../Frameworks",
				);
				MARKETING_VERSION = 1.0;
				PRODUCT_BUNDLE_IDENTIFIER = Kylin.RightClickTools.RightClickExtension;
				PRODUCT_MODULE_NAME = RightClickTools;
				PRODUCT_NAME = "$(TARGET_NAME)";
				SKIP_INSTALL = YES;
				SWIFT_EMIT_LOC_STRINGS = YES;
				SWIFT_VERSION = 5.0;
			};
			name = Release;
		};
		F1F95DCE2DAE3C8F0043F3FB /* Debug */ = {
			isa = XCBuildConfiguration;
			buildSettings = {
				ALWAYS_SEARCH_USER_PATHS = NO;
				ASSETCATALOG_COMPILER_GENERATE_SWIFT_ASSET_SYMBOL_EXTENSIONS = YES;
				CLANG_ANALYZER_NONNULL = YES;
				CLANG_ANALYZER_NUMBER_OBJECT_CONVERSION = YES_AGGRESSIVE;
				CLANG_CXX_LANGUAGE_STANDARD = "gnu++20";
				CLANG_ENABLE_MODULES = YES;
				CLANG_ENABLE_OBJC_ARC = YES;
				CLANG_ENABLE_OBJC_WEAK = YES;
				CLANG_WARN_BLOCK_CAPTURE_AUTORELEASING = YES;
				CLANG_WARN_BOOL_CONVERSION = YES;
				CLANG_WARN_COMMA = YES;
				CLANG_WARN_CONSTANT_CONVERSION = YES;
				CLANG_WARN_DEPRECATED_OBJC_IMPLEMENTATIONS = YES;
				CLANG_WARN_DIRECT_OBJC_ISA_USAGE = YES_ERROR;
				CLANG_WARN_DOCUMENTATION_COMMENTS = YES;
				CLANG_WARN_EMPTY_BODY = YES;
				CLANG_WARN_ENUM_CONVERSION = YES;
				CLANG_WARN_INFINITE_RECURSION = YES;
				CLANG_WARN_INT_CONVERSION = YES;
				CLANG_WARN_NON_LITERAL_NULL_CONVERSION = YES;
				CLANG_WARN_OBJC_IMPLICIT_RETAIN_SELF = YES;
				CLANG_WARN_OBJC_LITERAL_CONVERSION = YES;
				CLANG_WARN_OBJC_ROOT_CLASS = YES_ERROR;
				CLANG_WARN_QUOTED_INCLUDE_IN_FRAMEWORK_HEADER = YES;
				CLANG_WARN_RANGE_LOOP_ANALYSIS = YES;
				CLANG_WARN_STRICT_PROTOTYPES = YES;
				CLANG_WARN_SUSPICIOUS_MOVE = YES;
				CLANG_WARN_UNGUARDED_AVAILABILITY = YES_AGGRESSIVE;
				CLANG_WARN_UNREACHABLE_CODE = YES;
				CLANG_WARN__DUPLICATE_METHOD_MATCH = YES;
				COPY_PHASE_STRIP = NO;
				DEBUG_INFORMATION_FORMAT = dwarf;
				ENABLE_STRICT_OBJC_MSGSEND = YES;
				ENABLE_TESTABILITY = YES;
				ENABLE_USER_SCRIPT_SANDBOXING = YES;
				GCC_C_LANGUAGE_STANDARD = gnu17;
				GCC_DYNAMIC_NO_PIC = NO;
				GCC_NO_COMMON_BLOCKS = YES;
				GCC_OPTIMIZATION_LEVEL = 0;
				GCC_PREPROCESSOR_DEFINITIONS = (
					"DEBUG=1",
					"$(inherited)",
				);
				GCC_WARN_64_TO_32_BIT_CONVERSION = YES;
				GCC_WARN_ABOUT_RETURN_TYPE = YES_ERROR;
				GCC_WARN_UNDECLARED_SELECTOR = YES;
				GCC_WARN_UNINITIALIZED_AUTOS = YES_AGGRESSIVE;
				GCC_WARN_UNUSED_FUNCTION = YES;
				GCC_WARN_UNUSED_VARIABLE = YES;
				LOCALIZATION_PREFERS_STRING_CATALOGS = YES;
				MACOSX_DEPLOYMENT_TARGET = 15.4;
				MTL_ENABLE_DEBUG_INFO = INCLUDE_SOURCE;
				MTL_FAST_MATH = YES;
				ONLY_ACTIVE_ARCH = YES;
				SDKROOT = macosx;
				SWIFT_ACTIVE_COMPILATION_CONDITIONS = "DEBUG $(inherited)";
				SWIFT_OPTIMIZATION_LEVEL = "-Onone";
			};
			name = Debug;
		};
		F1F95DCF2DAE3C8F0043F3FB /* Release */ = {
			isa = XCBuildConfiguration;
			buildSettings = {
				ALWAYS_SEARCH_USER_PATHS = NO;
				ASSETCATALOG_COMPILER_GENERATE_SWIFT_ASSET_SYMBOL_EXTENSIONS = YES;
				CLANG_ANALYZER_NONNULL = YES;
				CLANG_ANALYZER_NUMBER_OBJECT_CONVERSION = YES_AGGRESSIVE;
				CLANG_CXX_LANGUAGE_STANDARD = "gnu++20";
				CLANG_ENABLE_MODULES = YES;
				CLANG_ENABLE_OBJC_ARC = YES;
				CLANG_ENABLE_OBJC_WEAK = YES;
				CLANG_WARN_BLOCK_CAPTURE_AUTORELEASING = YES;
				CLANG_WARN_BOOL_CONVERSION = YES;
				CLANG_WARN_COMMA = YES;
				CLANG_WARN_CONSTANT_CONVERSION = YES;
				CLANG_WARN_DEPRECATED_OBJC_IMPLEMENTATIONS = YES;
				CLANG_WARN_DIRECT_OBJC_ISA_USAGE = YES_ERROR;
				CLANG_WARN_DOCUMENTATION_COMMENTS = YES;
				CLANG_WARN_EMPTY_BODY = YES;
				CLANG_WARN_ENUM_CONVERSION = YES;
				CLANG_WARN_INFINITE_RECURSION = YES;
				CLANG_WARN_INT_CONVERSION = YES;
				CLANG_WARN_NON_LITERAL_NULL_CONVERSION = YES;
				CLANG_WARN_OBJC_IMPLICIT_RETAIN_SELF = YES;
				CLANG_WARN_OBJC_LITERAL_CONVERSION = YES;
				CLANG_WARN_OBJC_ROOT_CLASS = YES_ERROR;
				CLANG_WARN_QUOTED_INCLUDE_IN_FRAMEWORK_HEADER = YES;
				CLANG_WARN_RANGE_LOOP_ANALYSIS = YES;
				CLANG_WARN_STRICT_PROTOTYPES = YES;
				CLANG_WARN_SUSPICIOUS_MOVE = YES;
				CLANG_WARN_UNGUARDED_AVAILABILITY = YES_AGGRESSIVE;
				CLANG_WARN_UNREACHABLE_CODE = YES;
				CLANG_WARN__DUPLICATE_METHOD_MATCH = YES;
				COPY_PHASE_STRIP = NO;
				DEBUG_INFORMATION_FORMAT = "dwarf-with-dsym";
				ENABLE_NS_ASSERTIONS = NO;
				ENABLE_STRICT_OBJC_MSGSEND = YES;
				ENABLE_USER_SCRIPT_SANDBOXING = YES;
				GCC_C_LANGUAGE_STANDARD = gnu17;
				GCC_NO_COMMON_BLOCKS = YES;
				GCC_WARN_64_TO_32_BIT_CONVERSION = YES;
				GCC_WARN_ABOUT_RETURN_TYPE = YES_ERROR;
				GCC_WARN_UNDECLARED_SELECTOR = YES;
				GCC_WARN_UNINITIALIZED_AUTOS = YES_AGGRESSIVE;
				GCC_WARN_UNUSED_FUNCTION = YES;
				GCC_WARN_UNUSED_VARIABLE = YES;
				LOCALIZATION_PREFERS_STRING_CATALOGS = YES;
				MACOSX_DEPLOYMENT_TARGET = 15.4;
				MTL_ENABLE_DEBUG_INFO = NO;
				MTL_FAST_MATH = YES;
				SDKROOT = macosx;
				SWIFT_COMPILATION_MODE = wholemodule;
			};
			name = Release;
		};
		F1F95DD12DAE3C8F0043F3FB /* Debug */ = {
			isa = XCBuildConfiguration;
			buildSettings = {
				ASSETCATALOG_COMPILER_APPICON_NAME = AppIcon;
				ASSETCATALOG_COMPILER_GLOBAL_ACCENT_COLOR_NAME = AccentColor;
				CODE_SIGN_ENTITLEMENTS = RightClickTools/RightClickTools.entitlements;
				CODE_SIGN_STYLE = Automatic;
				COMBINE_HIDPI_IMAGES = YES;
				CURRENT_PROJECT_VERSION = 1;
				ENABLE_PREVIEWS = YES;
				GENERATE_INFOPLIST_FILE = YES;
				INFOPLIST_KEY_NSHumanReadableCopyright = "";
				LD_RUNPATH_SEARCH_PATHS = (
					"$(inherited)",
					"@executable_path/../Frameworks",
				);
				MARKETING_VERSION = 1.0;
				PRODUCT_BUNDLE_IDENTIFIER = Kylin.RightClickTools;
				PRODUCT_NAME = "$(TARGET_NAME)";
				REGISTER_APP_GROUPS = YES;
				SWIFT_EMIT_LOC_STRINGS = YES;
				SWIFT_VERSION = 5.0;
			};
			name = Debug;
		};
		F1F95DD22DAE3C8F0043F3FB /* Release */ = {
			isa = XCBuildConfiguration;
			buildSettings = {
				ASSETCATALOG_COMPILER_APPICON_NAME = AppIcon;
				ASSETCATALOG_COMPILER_GLOBAL_ACCENT_COLOR_NAME = AccentColor;
				CODE_SIGN_ENTITLEMENTS = RightClickTools/RightClickTools.entitlements;
				CODE_SIGN_STYLE = Automatic;
				COMBINE_HIDPI_IMAGES = YES;
				CURRENT_PROJECT_VERSION = 1;
				ENABLE_PREVIEWS = YES;
				GENERATE_INFOPLIST_FILE = YES;
				INFOPLIST_KEY_NSHumanReadableCopyright = "";
				LD_RUNPATH_SEARCH_PATHS = (
					"$(inherited)",
					"@executable_path/../Frameworks",
				);
				MARKETING_VERSION = 1.0;
				PRODUCT_BUNDLE_IDENTIFIER = Kylin.RightClickTools;
				PRODUCT_NAME = "$(TARGET_NAME)";
				REGISTER_APP_GROUPS = YES;
				SWIFT_EMIT_LOC_STRINGS = YES;
				SWIFT_VERSION = 5.0;
			};
			name = Release;
		};
		F1F95DD42DAE3C8F0043F3FB /* Debug */ = {
			isa = XCBuildConfiguration;
			buildSettings = {
				BUNDLE_LOADER = "$(TEST_HOST)";
				CODE_SIGN_STYLE = Automatic;
				CURRENT_PROJECT_VERSION = 1;
				GENERATE_INFOPLIST_FILE = YES;
				MACOSX_DEPLOYMENT_TARGET = 15.4;
				MARKETING_VERSION = 1.0;
				PRODUCT_BUNDLE_IDENTIFIER = Kylin.RightClickToolsTests;
				PRODUCT_NAME = "$(TARGET_NAME)";
				SWIFT_EMIT_LOC_STRINGS = NO;
				SWIFT_VERSION = 5.0;
				TEST_HOST = "$(BUILT_PRODUCTS_DIR)/RightClickTools.app/$(BUNDLE_EXECUTABLE_FOLDER_PATH)/RightClickTools";
			};
			name = Debug;
		};
		F1F95DD52DAE3C8F0043F3FB /* Release */ = {
			isa = XCBuildConfiguration;
			buildSettings = {
				BUNDLE_LOADER = "$(TEST_HOST)";
				CODE_SIGN_STYLE = Automatic;
				CURRENT_PROJECT_VERSION = 1;
				GENERATE_INFOPLIST_FILE = YES;
				MACOSX_DEPLOYMENT_TARGET = 15.4;
				MARKETING_VERSION = 1.0;
				PRODUCT_BUNDLE_IDENTIFIER = Kylin.RightClickToolsTests;
				PRODUCT_NAME = "$(TARGET_NAME)";
				SWIFT_EMIT_LOC_STRINGS = NO;
				SWIFT_VERSION = 5.0;
				TEST_HOST = "$(BUILT_PRODUCTS_DIR)/RightClickTools.app/$(BUNDLE_EXECUTABLE_FOLDER_PATH)/RightClickTools";
			};
			name = Release;
		};
		F1F95DD72DAE3C8F0043F3FB /* Debug */ = {
			isa = XCBuildConfiguration;
			buildSettings = {
				CODE_SIGN_STYLE = Automatic;
				CURRENT_PROJECT_VERSION = 1;
				GENERATE_INFOPLIST_FILE = YES;
				MARKETING_VERSION = 1.0;
				PRODUCT_BUNDLE_IDENTIFIER = Kylin.RightClickToolsUITests;
				PRODUCT_NAME = "$(TARGET_NAME)";
				SWIFT_EMIT_LOC_STRINGS = NO;
				SWIFT_VERSION = 5.0;
				TEST_TARGET_NAME = RightClickTools;
			};
			name = Debug;
		};
		F1F95DD82DAE3C8F0043F3FB /* Release */ = {
			isa = XCBuildConfiguration;
			buildSettings = {
				CODE_SIGN_STYLE = Automatic;
				CURRENT_PROJECT_VERSION = 1;
				GENERATE_INFOPLIST_FILE = YES;
				MARKETING_VERSION = 1.0;
				PRODUCT_BUNDLE_IDENTIFIER = Kylin.RightClickToolsUITests;
				PRODUCT_NAME = "$(TARGET_NAME)";
				SWIFT_EMIT_LOC_STRINGS = NO;
				SWIFT_VERSION = 5.0;
				TEST_TARGET_NAME = RightClickTools;
			};
			name = Release;
		};
/* End XCBuildConfiguration section */

/* Begin XCConfigurationList section */
		F145A57F2DAE655E0047D2F1 /* Build configuration list for PBXNativeTarget "RightClickExtension" */ = {
			isa = XCConfigurationList;
			buildConfigurations = (
				F145A5802DAE655E0047D2F1 /* Debug */,
				F145A5812DAE655E0047D2F1 /* Release */,
			);
			defaultConfigurationIsVisible = 0;
			defaultConfigurationName = Release;
		};
		F1F95DA92DAE3C8E0043F3FB /* Build configuration list for PBXProject "RightClickTools" */ = {
			isa = XCConfigurationList;
			buildConfigurations = (
				F1F95DCE2DAE3C8F0043F3FB /* Debug */,
				F1F95DCF2DAE3C8F0043F3FB /* Release */,
			);
			defaultConfigurationIsVisible = 0;
			defaultConfigurationName = Release;
		};
		F1F95DD02DAE3C8F0043F3FB /* Build configuration list for PBXNativeTarget "RightClickTools" */ = {
			isa = XCConfigurationList;
			buildConfigurations = (
				F1F95DD12DAE3C8F0043F3FB /* Debug */,
				F1F95DD22DAE3C8F0043F3FB /* Release */,
			);
			defaultConfigurationIsVisible = 0;
			defaultConfigurationName = Release;
		};
		F1F95DD32DAE3C8F0043F3FB /* Build configuration list for PBXNativeTarget "RightClickToolsTests" */ = {
			isa = XCConfigurationList;
			buildConfigurations = (
				F1F95DD42DAE3C8F0043F3FB /* Debug */,
				F1F95DD52DAE3C8F0043F3FB /* Release */,
			);
			defaultConfigurationIsVisible = 0;
			defaultConfigurationName = Release;
		};
		F1F95DD62DAE3C8F0043F3FB /* Build configuration list for PBXNativeTarget "RightClickToolsUITests" */ = {
			isa = XCConfigurationList;
			buildConfigurations = (
				F1F95DD72DAE3C8F0043F3FB /* Debug */,
				F1F95DD82DAE3C8F0043F3FB /* Release */,
			);
			defaultConfigurationIsVisible = 0;
			defaultConfigurationName = Release;
		};
/* End XCConfigurationList section */
	};
	rootObject = F1F95DA62DAE3C8E0043F3FB /* Project object */;
}
